
Microsoft Visual Studio Solution File, Format Version 12.00
# Visual Studio Version 16
VisualStudioVersion = 16.0.29111.141
MinimumVisualStudioVersion = 10.0.40219.1
Project("{8BC9CEB8-8B4A-11D0-8D11-00A0C91BC942}") = "BlokingMethod", "BlokingMethod\BlokingMethod.vcxproj", "{6F4469BC-8DD3-4693-A90B-3B3C4EF6CB12}"
EndProject
Global
	GlobalSection(SolutionConfigurationPlatforms) = preSolution
		Debug|x64 = Debug|x64
		Debug|x86 = Debug|x86
		Release|x64 = Release|x64
		Release|x86 = Release|x86
	EndGlobalSection
	GlobalSection(ProjectConfigurationPlatforms) = postSolution
		{6F4469BC-8DD3-4693-A90B-3B3C4EF6CB12}.Debug|x64.ActiveCfg = Debug|x64
		{6F4469BC-8DD3-4693-A90B-3B3C4EF6CB12}.Debug|x64.Build.0 = Debug|x64
		{6F4469BC-8DD3-4693-A90B-3B3C4EF6CB12}.Debug|x86.ActiveCfg = Debug|Win32
		{6F4469BC-8DD3-4693-A90B-3B3C4EF6CB12}.Debug|x86.Build.0 = Debug|Win32
		{6F4469BC-8DD3-4693-A90B-3B3C4EF6CB12}.Release|x64.ActiveCfg = Release|x64
		{6F4469BC-8DD3-4693-A90B-3B3C4EF6CB12}.Release|x64.Build.0 = Release|x64
		{6F4469BC-8DD3-4693-A90B-3B3C4EF6CB12}.Release|x86.ActiveCfg = Release|Win32
		{6F4469BC-8DD3-4693-A90B-3B3C4EF6CB12}.Release|x86.Build.0 = Release|Win32
	EndGlobalSection
	GlobalSection(SolutionProperties) = preSolution
		HideSolutionNode = FALSE
	EndGlobalSection
	GlobalSection(ExtensibilityGlobals) = postSolution
		SolutionGuid = {4B23B76B-8D7D-45D5-B4C1-99E32B0BE28C}
	EndGlobalSection
EndGlobal
